// !$*UTF8*$!
{
	archiveVersion = 1;
	classes = {
	};
	objectVersion = 55;
	objects = {

/* Begin PBXBuildFile section */
		10F02AF299BAE18688EDB4AE /* Pods_ChatSwift.framework in Frameworks */ = {isa = PBXBuildFile; fileRef = 40834A07A70C73620C1B0502 /* Pods_ChatSwift.framework */; };
		F115EA67294ADB660056A31F /* Extensions.swift in Sources */ = {isa = PBXBuildFile; fileRef = F115EA66294ADB660056A31F /* Extensions.swift */; };
		F129E207295058ED007621A1 /* TestViewController.swift in Sources */ = {isa = PBXBuildFile; fileRef = F129E206295058ED007621A1 /* TestViewController.swift */; };
		F129E20929505BFE007621A1 /* ChatMessageCell.swift in Sources */ = {isa = PBXBuildFile; fileRef = F129E20829505BFE007621A1 /* ChatMessageCell.swift */; };
		F155219F294876620083F652 /* ConversationTableViewCell.swift in Sources */ = {isa = PBXBuildFile; fileRef = F155219E294876620083F652 /* ConversationTableViewCell.swift */; };
		F15521A8294884F30083F652 /* StorageManager.swift in Sources */ = {isa = PBXBuildFile; fileRef = F15521A7294884F30083F652 /* StorageManager.swift */; };
		F1589394295EB351000F9156 /* UIServices.swift in Sources */ = {isa = PBXBuildFile; fileRef = F1589393295EB351000F9156 /* UIServices.swift */; };
		F16395232940FB3700DED7D7 /* AppDelegate.swift in Sources */ = {isa = PBXBuildFile; fileRef = F16395222940FB3700DED7D7 /* AppDelegate.swift */; };
		F16395252940FB3700DED7D7 /* SceneDelegate.swift in Sources */ = {isa = PBXBuildFile; fileRef = F16395242940FB3700DED7D7 /* SceneDelegate.swift */; };
		F163952A2940FB3700DED7D7 /* Main.storyboard in Resources */ = {isa = PBXBuildFile; fileRef = F16395282940FB3700DED7D7 /* Main.storyboard */; };
		F163952C2940FB3800DED7D7 /* Assets.xcassets in Resources */ = {isa = PBXBuildFile; fileRef = F163952B2940FB3800DED7D7 /* Assets.xcassets */; };
		F163952F2940FB3800DED7D7 /* LaunchScreen.storyboard in Resources */ = {isa = PBXBuildFile; fileRef = F163952D2940FB3800DED7D7 /* LaunchScreen.storyboard */; };
		F163953E2940FDEF00DED7D7 /* GoogleService-Info.plist in Resources */ = {isa = PBXBuildFile; fileRef = F163953D2940FDEF00DED7D7 /* GoogleService-Info.plist */; };
		F16395412940FE5000DED7D7 /* ChatViewController.swift in Sources */ = {isa = PBXBuildFile; fileRef = F16395402940FE5000DED7D7 /* ChatViewController.swift */; };
		F16395432940FE6A00DED7D7 /* ConversationsViewController.swift in Sources */ = {isa = PBXBuildFile; fileRef = F16395422940FE6A00DED7D7 /* ConversationsViewController.swift */; };
		F16395452940FE7D00DED7D7 /* LoginTableViewController.swift in Sources */ = {isa = PBXBuildFile; fileRef = F16395442940FE7D00DED7D7 /* LoginTableViewController.swift */; };
		F16395472940FE9000DED7D7 /* NewConversationViewController.swift in Sources */ = {isa = PBXBuildFile; fileRef = F16395462940FE9000DED7D7 /* NewConversationViewController.swift */; };
		F173D5C42941EE5C00DDF7DE /* UserModel.swift in Sources */ = {isa = PBXBuildFile; fileRef = F173D5C32941EE5C00DDF7DE /* UserModel.swift */; };
		F18FBCA32963D80600F171B6 /* SignUpViewController.swift in Sources */ = {isa = PBXBuildFile; fileRef = F18FBCA12963D80600F171B6 /* SignUpViewController.swift */; };
		F18FBCA42963D80600F171B6 /* SignUpViewController.xib in Resources */ = {isa = PBXBuildFile; fileRef = F18FBCA22963D80600F171B6 /* SignUpViewController.xib */; };
		F18FBCA62963E32A00F171B6 /* SignUpViewModel.swift in Sources */ = {isa = PBXBuildFile; fileRef = F18FBCA52963E32A00F171B6 /* SignUpViewModel.swift */; };
		F18FBCA92963E89D00F171B6 /* ConversationViewController.swift in Sources */ = {isa = PBXBuildFile; fileRef = F18FBCA72963E89D00F171B6 /* ConversationViewController.swift */; };
		F18FBCAA2963E89D00F171B6 /* ConversationViewController.xib in Resources */ = {isa = PBXBuildFile; fileRef = F18FBCA82963E89D00F171B6 /* ConversationViewController.xib */; };
		F18FBCAC2963EF6F00F171B6 /* ConversationViewController+TableView.swift in Sources */ = {isa = PBXBuildFile; fileRef = F18FBCAB2963EF6F00F171B6 /* ConversationViewController+TableView.swift */; };
		F1B2BBF52942CBE500D65D69 /* BaseModel.swift in Sources */ = {isa = PBXBuildFile; fileRef = F1B2BBF42942CBE500D65D69 /* BaseModel.swift */; };
		F1B2BBF92942DA3D00D65D69 /* DatabaseManager.swift in Sources */ = {isa = PBXBuildFile; fileRef = F1B2BBF82942DA3D00D65D69 /* DatabaseManager.swift */; };
		F1B2BBFB294312F200D65D69 /* ConversationModel.swift in Sources */ = {isa = PBXBuildFile; fileRef = F1B2BBFA294312F200D65D69 /* ConversationModel.swift */; };
		F1B2BBFD294313A200D65D69 /* MessageModel.swift in Sources */ = {isa = PBXBuildFile; fileRef = F1B2BBFC294313A200D65D69 /* MessageModel.swift */; };
		F1BB257629495F9C00127807 /* PhotoViewController.swift in Sources */ = {isa = PBXBuildFile; fileRef = F1BB257529495F9C00127807 /* PhotoViewController.swift */; };
		F1BB257829495FEE00127807 /* LocationPickerViewController.swift in Sources */ = {isa = PBXBuildFile; fileRef = F1BB257729495FED00127807 /* LocationPickerViewController.swift */; };
		F1BB88652964196600D49412 /* ConversationViewModel.swift in Sources */ = {isa = PBXBuildFile; fileRef = F1BB88642964196600D49412 /* ConversationViewModel.swift */; };
		F1BB8868296419B900D49412 /* ConversationTableViewCell.xib in Resources */ = {isa = PBXBuildFile; fileRef = F1BB8867296419B900D49412 /* ConversationTableViewCell.xib */; };
		F1BB886A296422A400D49412 /* ConversationTableCellViewModel.swift in Sources */ = {isa = PBXBuildFile; fileRef = F1BB8869296422A400D49412 /* ConversationTableCellViewModel.swift */; };
		F1C6D3E429531C0D00387F04 /* MediaManager.swift in Sources */ = {isa = PBXBuildFile; fileRef = F1C6D3E329531C0D00387F04 /* MediaManager.swift */; };
		F1C92C6D295D9A59007D739A /* BaseViewModel.swift in Sources */ = {isa = PBXBuildFile; fileRef = F1C92C6C295D9A58007D739A /* BaseViewModel.swift */; };
		F1C92C6F295D9A6B007D739A /* LoginViewModel.swift in Sources */ = {isa = PBXBuildFile; fileRef = F1C92C6E295D9A6B007D739A /* LoginViewModel.swift */; };
		F1C92C72295D9B10007D739A /* Observable.swift in Sources */ = {isa = PBXBuildFile; fileRef = F1C92C71295D9B10007D739A /* Observable.swift */; };
		F1C92C75295D9CD4007D739A /* LoginViewController.swift in Sources */ = {isa = PBXBuildFile; fileRef = F1C92C73295D9CD4007D739A /* LoginViewController.swift */; };
		F1C92C76295D9CD4007D739A /* LoginViewController.xib in Resources */ = {isa = PBXBuildFile; fileRef = F1C92C74295D9CD4007D739A /* LoginViewController.xib */; };
		F1F44B13295A9771007136A6 /* GoogleService.swift in Sources */ = {isa = PBXBuildFile; fileRef = F1F44B12295A9771007136A6 /* GoogleService.swift */; };
		F1F44B16295AA5C5007136A6 /* FacebookService.swift in Sources */ = {isa = PBXBuildFile; fileRef = F1F44B15295AA5C5007136A6 /* FacebookService.swift */; };
		F1F44B18295AF95C007136A6 /* Utils.swift in Sources */ = {isa = PBXBuildFile; fileRef = F1F44B17295AF95C007136A6 /* Utils.swift */; };
		F1F44B1A295AFA2C007136A6 /* Constant.swift in Sources */ = {isa = PBXBuildFile; fileRef = F1F44B19295AFA2C007136A6 /* Constant.swift */; };
		F1F44B1C295AFCF2007136A6 /* ZaloService.swift in Sources */ = {isa = PBXBuildFile; fileRef = F1F44B1B295AFCF2007136A6 /* ZaloService.swift */; };
		F1F44B1E295AFFE5007136A6 /* AuthenUtils.swift in Sources */ = {isa = PBXBuildFile; fileRef = F1F44B1D295AFFE5007136A6 /* AuthenUtils.swift */; };
		F1F5CAC12952C41E009B7749 /* MediaMessageCell.swift in Sources */ = {isa = PBXBuildFile; fileRef = F1F5CAC02952C41E009B7749 /* MediaMessageCell.swift */; };
/* End PBXBuildFile section */

/* Begin PBXFileReference section */
		40834A07A70C73620C1B0502 /* Pods_ChatSwift.framework */ = {isa = PBXFileReference; explicitFileType = wrapper.framework; includeInIndex = 0; path = Pods_ChatSwift.framework; sourceTree = BUILT_PRODUCTS_DIR; };
		93847A0A10559867002730FE /* Pods-ChatSwift.debug.xcconfig */ = {isa = PBXFileReference; includeInIndex = 1; lastKnownFileType = text.xcconfig; name = "Pods-ChatSwift.debug.xcconfig"; path = "Target Support Files/Pods-ChatSwift/Pods-ChatSwift.debug.xcconfig"; sourceTree = "<group>"; };
		CF0F50421057FECB0152A4C9 /* Pods-ChatSwift.release.xcconfig */ = {isa = PBXFileReference; includeInIndex = 1; lastKnownFileType = text.xcconfig; name = "Pods-ChatSwift.release.xcconfig"; path = "Target Support Files/Pods-ChatSwift/Pods-ChatSwift.release.xcconfig"; sourceTree = "<group>"; };
		F115EA66294ADB660056A31F /* Extensions.swift */ = {isa = PBXFileReference; lastKnownFileType = sourcecode.swift; path = Extensions.swift; sourceTree = "<group>"; };
		F129E206295058ED007621A1 /* TestViewController.swift */ = {isa = PBXFileReference; lastKnownFileType = sourcecode.swift; path = TestViewController.swift; sourceTree = "<group>"; };
		F129E20829505BFE007621A1 /* ChatMessageCell.swift */ = {isa = PBXFileReference; lastKnownFileType = sourcecode.swift; path = ChatMessageCell.swift; sourceTree = "<group>"; };
		F155219E294876620083F652 /* ConversationTableViewCell.swift */ = {isa = PBXFileReference; lastKnownFileType = sourcecode.swift; path = ConversationTableViewCell.swift; sourceTree = "<group>"; };
		F15521A7294884F30083F652 /* StorageManager.swift */ = {isa = PBXFileReference; lastKnownFileType = sourcecode.swift; path = StorageManager.swift; sourceTree = "<group>"; };
		F1589393295EB351000F9156 /* UIServices.swift */ = {isa = PBXFileReference; lastKnownFileType = sourcecode.swift; path = UIServices.swift; sourceTree = "<group>"; };
		F163951F2940FB3700DED7D7 /* ChatSwift.app */ = {isa = PBXFileReference; explicitFileType = wrapper.application; includeInIndex = 0; path = ChatSwift.app; sourceTree = BUILT_PRODUCTS_DIR; };
		F16395222940FB3700DED7D7 /* AppDelegate.swift */ = {isa = PBXFileReference; lastKnownFileType = sourcecode.swift; path = AppDelegate.swift; sourceTree = "<group>"; };
		F16395242940FB3700DED7D7 /* SceneDelegate.swift */ = {isa = PBXFileReference; lastKnownFileType = sourcecode.swift; path = SceneDelegate.swift; sourceTree = "<group>"; };
		F16395292940FB3700DED7D7 /* Base */ = {isa = PBXFileReference; lastKnownFileType = file.storyboard; name = Base; path = Base.lproj/Main.storyboard; sourceTree = "<group>"; };
		F163952B2940FB3800DED7D7 /* Assets.xcassets */ = {isa = PBXFileReference; lastKnownFileType = folder.assetcatalog; path = Assets.xcassets; sourceTree = "<group>"; };
		F163952E2940FB3800DED7D7 /* Base */ = {isa = PBXFileReference; lastKnownFileType = file.storyboard; name = Base; path = Base.lproj/LaunchScreen.storyboard; sourceTree = "<group>"; };
		F16395302940FB3800DED7D7 /* Info.plist */ = {isa = PBXFileReference; lastKnownFileType = text.plist.xml; path = Info.plist; sourceTree = "<group>"; };
		F163953D2940FDEF00DED7D7 /* GoogleService-Info.plist */ = {isa = PBXFileReference; fileEncoding = 4; lastKnownFileType = text.plist.xml; path = "GoogleService-Info.plist"; sourceTree = "<group>"; };
		F16395402940FE5000DED7D7 /* ChatViewController.swift */ = {isa = PBXFileReference; lastKnownFileType = sourcecode.swift; path = ChatViewController.swift; sourceTree = "<group>"; };
		F16395422940FE6A00DED7D7 /* ConversationsViewController.swift */ = {isa = PBXFileReference; lastKnownFileType = sourcecode.swift; path = ConversationsViewController.swift; sourceTree = "<group>"; };
		F16395442940FE7D00DED7D7 /* LoginTableViewController.swift */ = {isa = PBXFileReference; lastKnownFileType = sourcecode.swift; path = LoginTableViewController.swift; sourceTree = "<group>"; };
		F16395462940FE9000DED7D7 /* NewConversationViewController.swift */ = {isa = PBXFileReference; lastKnownFileType = sourcecode.swift; path = NewConversationViewController.swift; sourceTree = "<group>"; };
		F173D5C32941EE5C00DDF7DE /* UserModel.swift */ = {isa = PBXFileReference; lastKnownFileType = sourcecode.swift; path = UserModel.swift; sourceTree = "<group>"; };
		F18FBCA12963D80600F171B6 /* SignUpViewController.swift */ = {isa = PBXFileReference; lastKnownFileType = sourcecode.swift; path = SignUpViewController.swift; sourceTree = "<group>"; };
		F18FBCA22963D80600F171B6 /* SignUpViewController.xib */ = {isa = PBXFileReference; lastKnownFileType = file.xib; path = SignUpViewController.xib; sourceTree = "<group>"; };
		F18FBCA52963E32A00F171B6 /* SignUpViewModel.swift */ = {isa = PBXFileReference; lastKnownFileType = sourcecode.swift; path = SignUpViewModel.swift; sourceTree = "<group>"; };
		F18FBCA72963E89D00F171B6 /* ConversationViewController.swift */ = {isa = PBXFileReference; lastKnownFileType = sourcecode.swift; path = ConversationViewController.swift; sourceTree = "<group>"; };
		F18FBCA82963E89D00F171B6 /* ConversationViewController.xib */ = {isa = PBXFileReference; lastKnownFileType = file.xib; path = ConversationViewController.xib; sourceTree = "<group>"; };
		F18FBCAB2963EF6F00F171B6 /* ConversationViewController+TableView.swift */ = {isa = PBXFileReference; lastKnownFileType = sourcecode.swift; path = "ConversationViewController+TableView.swift"; sourceTree = "<group>"; };
		F1B2BBF42942CBE500D65D69 /* BaseModel.swift */ = {isa = PBXFileReference; lastKnownFileType = sourcecode.swift; path = BaseModel.swift; sourceTree = "<group>"; };
		F1B2BBF82942DA3D00D65D69 /* DatabaseManager.swift */ = {isa = PBXFileReference; lastKnownFileType = sourcecode.swift; path = DatabaseManager.swift; sourceTree = "<group>"; };
		F1B2BBFA294312F200D65D69 /* ConversationModel.swift */ = {isa = PBXFileReference; lastKnownFileType = sourcecode.swift; path = ConversationModel.swift; sourceTree = "<group>"; };
		F1B2BBFC294313A200D65D69 /* MessageModel.swift */ = {isa = PBXFileReference; lastKnownFileType = sourcecode.swift; path = MessageModel.swift; sourceTree = "<group>"; };
		F1BB257529495F9C00127807 /* PhotoViewController.swift */ = {isa = PBXFileReference; lastKnownFileType = sourcecode.swift; path = PhotoViewController.swift; sourceTree = "<group>"; };
		F1BB257729495FED00127807 /* LocationPickerViewController.swift */ = {isa = PBXFileReference; lastKnownFileType = sourcecode.swift; path = LocationPickerViewController.swift; sourceTree = "<group>"; };
		F1BB88642964196600D49412 /* ConversationViewModel.swift */ = {isa = PBXFileReference; lastKnownFileType = sourcecode.swift; path = ConversationViewModel.swift; sourceTree = "<group>"; };
		F1BB8867296419B900D49412 /* ConversationTableViewCell.xib */ = {isa = PBXFileReference; lastKnownFileType = file.xib; path = ConversationTableViewCell.xib; sourceTree = "<group>"; };
		F1BB8869296422A400D49412 /* ConversationTableCellViewModel.swift */ = {isa = PBXFileReference; lastKnownFileType = sourcecode.swift; path = ConversationTableCellViewModel.swift; sourceTree = "<group>"; };
		F1C6D3E329531C0D00387F04 /* MediaManager.swift */ = {isa = PBXFileReference; lastKnownFileType = sourcecode.swift; path = MediaManager.swift; sourceTree = "<group>"; };
		F1C92C6C295D9A58007D739A /* BaseViewModel.swift */ = {isa = PBXFileReference; lastKnownFileType = sourcecode.swift; path = BaseViewModel.swift; sourceTree = "<group>"; };
		F1C92C6E295D9A6B007D739A /* LoginViewModel.swift */ = {isa = PBXFileReference; lastKnownFileType = sourcecode.swift; path = LoginViewModel.swift; sourceTree = "<group>"; };
		F1C92C71295D9B10007D739A /* Observable.swift */ = {isa = PBXFileReference; lastKnownFileType = sourcecode.swift; path = Observable.swift; sourceTree = "<group>"; };
		F1C92C73295D9CD4007D739A /* LoginViewController.swift */ = {isa = PBXFileReference; lastKnownFileType = sourcecode.swift; path = LoginViewController.swift; sourceTree = "<group>"; };
		F1C92C74295D9CD4007D739A /* LoginViewController.xib */ = {isa = PBXFileReference; lastKnownFileType = file.xib; path = LoginViewController.xib; sourceTree = "<group>"; };
		F1F44B12295A9771007136A6 /* GoogleService.swift */ = {isa = PBXFileReference; lastKnownFileType = sourcecode.swift; path = GoogleService.swift; sourceTree = "<group>"; };
		F1F44B14295A9E07007136A6 /* ChatSwift.entitlements */ = {isa = PBXFileReference; lastKnownFileType = text.plist.entitlements; path = ChatSwift.entitlements; sourceTree = "<group>"; };
		F1F44B15295AA5C5007136A6 /* FacebookService.swift */ = {isa = PBXFileReference; lastKnownFileType = sourcecode.swift; path = FacebookService.swift; sourceTree = "<group>"; };
		F1F44B17295AF95C007136A6 /* Utils.swift */ = {isa = PBXFileReference; lastKnownFileType = sourcecode.swift; path = Utils.swift; sourceTree = "<group>"; };
		F1F44B19295AFA2C007136A6 /* Constant.swift */ = {isa = PBXFileReference; lastKnownFileType = sourcecode.swift; path = Constant.swift; sourceTree = "<group>"; };
		F1F44B1B295AFCF2007136A6 /* ZaloService.swift */ = {isa = PBXFileReference; lastKnownFileType = sourcecode.swift; path = ZaloService.swift; sourceTree = "<group>"; };
		F1F44B1D295AFFE5007136A6 /* AuthenUtils.swift */ = {isa = PBXFileReference; lastKnownFileType = sourcecode.swift; path = AuthenUtils.swift; sourceTree = "<group>"; };
		F1F5CAC02952C41E009B7749 /* MediaMessageCell.swift */ = {isa = PBXFileReference; lastKnownFileType = sourcecode.swift; path = MediaMessageCell.swift; sourceTree = "<group>"; };
/* End PBXFileReference section */

/* Begin PBXFrameworksBuildPhase section */
		F163951C2940FB3700DED7D7 /* Frameworks */ = {
			isa = PBXFrameworksBuildPhase;
			buildActionMask = 2147483647;
			files = (
				10F02AF299BAE18688EDB4AE /* Pods_ChatSwift.framework in Frameworks */,
			);
			runOnlyForDeploymentPostprocessing = 0;
		};
/* End PBXFrameworksBuildPhase section */

/* Begin PBXGroup section */
		A1CE8B186BF123DD84B4EAB1 /* Frameworks */ = {
			isa = PBXGroup;
			children = (
				40834A07A70C73620C1B0502 /* Pods_ChatSwift.framework */,
			);
			name = Frameworks;
			sourceTree = "<group>";
		};
		D52F7567EACDAE886E366748 /* Pods */ = {
			isa = PBXGroup;
			children = (
				93847A0A10559867002730FE /* Pods-ChatSwift.debug.xcconfig */,
				CF0F50421057FECB0152A4C9 /* Pods-ChatSwift.release.xcconfig */,
			);
			path = Pods;
			sourceTree = "<group>";
		};
		F115EA68294B0FE50056A31F /* CustomCell */ = {
			isa = PBXGroup;
			children = (
				F155219E294876620083F652 /* ConversationTableViewCell.swift */,
				F1BB8867296419B900D49412 /* ConversationTableViewCell.xib */,
				F129E20829505BFE007621A1 /* ChatMessageCell.swift */,
				F1F5CAC02952C41E009B7749 /* MediaMessageCell.swift */,
			);
			path = CustomCell;
			sourceTree = "<group>";
		};
		F14C4E9F2955843E006090FD /* Authenticate */ = {
			isa = PBXGroup;
			children = (
				F16395442940FE7D00DED7D7 /* LoginTableViewController.swift */,
				F1C92C73295D9CD4007D739A /* LoginViewController.swift */,
				F1C92C74295D9CD4007D739A /* LoginViewController.xib */,
				F18FBCA12963D80600F171B6 /* SignUpViewController.swift */,
				F18FBCA22963D80600F171B6 /* SignUpViewController.xib */,
			);
			path = Authenticate;
			sourceTree = "<group>";
		};
		F14C4EA029558453006090FD /* Utilities */ = {
			isa = PBXGroup;
			children = (
				F1BB257529495F9C00127807 /* PhotoViewController.swift */,
				F1BB257729495FED00127807 /* LocationPickerViewController.swift */,
			);
			path = Utilities;
			sourceTree = "<group>";
		};
		F16395162940FB3700DED7D7 = {
			isa = PBXGroup;
			children = (
				F16395212940FB3700DED7D7 /* ChatSwift */,
				F16395202940FB3700DED7D7 /* Products */,
				D52F7567EACDAE886E366748 /* Pods */,
				A1CE8B186BF123DD84B4EAB1 /* Frameworks */,
			);
			sourceTree = "<group>";
		};
		F16395202940FB3700DED7D7 /* Products */ = {
			isa = PBXGroup;
			children = (
				F163951F2940FB3700DED7D7 /* ChatSwift.app */,
			);
			name = Products;
			sourceTree = "<group>";
		};
		F16395212940FB3700DED7D7 /* ChatSwift */ = {
			isa = PBXGroup;
			children = (
				F1F44B14295A9E07007136A6 /* ChatSwift.entitlements */,
				F1C92C70295D9AF1007D739A /* Observer */,
				F173D5C02941EDAB00DDF7DE /* Model */,
				F1C92C6B295D9A1E007D739A /* ViewModels */,
				F16395482940FEA400DED7D7 /* Resources */,
				F163953F2940FE3C00DED7D7 /* Controllers */,
				F16395492940FEE200DED7D7 /* Views */,
				F1C6D3E229531BAE00387F04 /* Services */,
				F16395302940FB3800DED7D7 /* Info.plist */,
				F163953D2940FDEF00DED7D7 /* GoogleService-Info.plist */,
			);
			path = ChatSwift;
			sourceTree = "<group>";
		};
		F163953F2940FE3C00DED7D7 /* Controllers */ = {
			isa = PBXGroup;
			children = (
				F14C4E9F2955843E006090FD /* Authenticate */,
				F14C4EA029558453006090FD /* Utilities */,
				F16395422940FE6A00DED7D7 /* ConversationsViewController.swift */,
				F16395402940FE5000DED7D7 /* ChatViewController.swift */,
				F16395462940FE9000DED7D7 /* NewConversationViewController.swift */,
				F129E206295058ED007621A1 /* TestViewController.swift */,
				F18FBCA72963E89D00F171B6 /* ConversationViewController.swift */,
				F18FBCA82963E89D00F171B6 /* ConversationViewController.xib */,
				F18FBCAB2963EF6F00F171B6 /* ConversationViewController+TableView.swift */,
			);
			path = Controllers;
			sourceTree = "<group>";
		};
		F16395482940FEA400DED7D7 /* Resources */ = {
			isa = PBXGroup;
			children = (
				F16395222940FB3700DED7D7 /* AppDelegate.swift */,
				F16395242940FB3700DED7D7 /* SceneDelegate.swift */,
			);
			path = Resources;
			sourceTree = "<group>";
		};
		F16395492940FEE200DED7D7 /* Views */ = {
			isa = PBXGroup;
			children = (
				F115EA68294B0FE50056A31F /* CustomCell */,
				F163952B2940FB3800DED7D7 /* Assets.xcassets */,
				F163954A2940FEED00DED7D7 /* Storyboards */,
			);
			path = Views;
			sourceTree = "<group>";
		};
		F163954A2940FEED00DED7D7 /* Storyboards */ = {
			isa = PBXGroup;
			children = (
				F16395282940FB3700DED7D7 /* Main.storyboard */,
				F163952D2940FB3800DED7D7 /* LaunchScreen.storyboard */,
			);
			path = Storyboards;
			sourceTree = "<group>";
		};
		F173D5C02941EDAB00DDF7DE /* Model */ = {
			isa = PBXGroup;
			children = (
				F1B2BBF42942CBE500D65D69 /* BaseModel.swift */,
				F173D5C32941EE5C00DDF7DE /* UserModel.swift */,
				F1B2BBFA294312F200D65D69 /* ConversationModel.swift */,
				F1B2BBFC294313A200D65D69 /* MessageModel.swift */,
			);
			path = Model;
			sourceTree = "<group>";
		};
		F1BB88662964196C00D49412 /* Authenticate */ = {
			isa = PBXGroup;
			children = (
				F1C92C6E295D9A6B007D739A /* LoginViewModel.swift */,
				F18FBCA52963E32A00F171B6 /* SignUpViewModel.swift */,
			);
			path = Authenticate;
			sourceTree = "<group>";
		};
		F1C6D3E229531BAE00387F04 /* Services */ = {
			isa = PBXGroup;
			children = (
				F1F44B1D295AFFE5007136A6 /* AuthenUtils.swift */,
				F1F44B19295AFA2C007136A6 /* Constant.swift */,
				F115EA66294ADB660056A31F /* Extensions.swift */,
				F1B2BBF82942DA3D00D65D69 /* DatabaseManager.swift */,
				F15521A7294884F30083F652 /* StorageManager.swift */,
				F1C6D3E329531C0D00387F04 /* MediaManager.swift */,
				F1F44B12295A9771007136A6 /* GoogleService.swift */,
				F1F44B15295AA5C5007136A6 /* FacebookService.swift */,
				F1F44B1B295AFCF2007136A6 /* ZaloService.swift */,
				F1F44B17295AF95C007136A6 /* Utils.swift */,
				F1589393295EB351000F9156 /* UIServices.swift */,
			);
			path = Services;
			sourceTree = "<group>";
		};
		F1C92C6B295D9A1E007D739A /* ViewModels */ = {
			isa = PBXGroup;
			children = (
				F1C92C6C295D9A58007D739A /* BaseViewModel.swift */,
				F1BB88662964196C00D49412 /* Authenticate */,
				F1BB88642964196600D49412 /* ConversationViewModel.swift */,
				F1BB8869296422A400D49412 /* ConversationTableCellViewModel.swift */,
			);
			path = ViewModels;
			sourceTree = "<group>";
		};
		F1C92C70295D9AF1007D739A /* Observer */ = {
			isa = PBXGroup;
			children = (
				F1C92C71295D9B10007D739A /* Observable.swift */,
			);
			path = Observer;
			sourceTree = "<group>";
		};
/* End PBXGroup section */

/* Begin PBXNativeTarget section */
		F163951E2940FB3700DED7D7 /* ChatSwift */ = {
			isa = PBXNativeTarget;
			buildConfigurationList = F16395332940FB3800DED7D7 /* Build configuration list for PBXNativeTarget "ChatSwift" */;
			buildPhases = (
				0E9A6DAFD33D49C63986D12B /* [CP] Check Pods Manifest.lock */,
				F163951B2940FB3700DED7D7 /* Sources */,
				F163951C2940FB3700DED7D7 /* Frameworks */,
				F163951D2940FB3700DED7D7 /* Resources */,
				2CD3960ECF2B82D24E158350 /* [CP] Embed Pods Frameworks */,
			);
			buildRules = (
			);
			dependencies = (
			);
			name = ChatSwift;
			packageProductDependencies = (
			);
			productName = ChatSwift;
			productReference = F163951F2940FB3700DED7D7 /* ChatSwift.app */;
			productType = "com.apple.product-type.application";
		};
/* End PBXNativeTarget section */

/* Begin PBXProject section */
		F16395172940FB3700DED7D7 /* Project object */ = {
			isa = PBXProject;
			attributes = {
				BuildIndependentTargetsInParallel = 1;
				LastSwiftUpdateCheck = 1340;
				LastUpgradeCheck = 1340;
				TargetAttributes = {
					F163951E2940FB3700DED7D7 = {
						CreatedOnToolsVersion = 13.4.1;
					};
				};
			};
			buildConfigurationList = F163951A2940FB3700DED7D7 /* Build configuration list for PBXProject "ChatSwift" */;
			compatibilityVersion = "Xcode 13.0";
			developmentRegion = en;
			hasScannedForEncodings = 0;
			knownRegions = (
				en,
				Base,
			);
			mainGroup = F16395162940FB3700DED7D7;
			packageReferences = (
			);
			productRefGroup = F16395202940FB3700DED7D7 /* Products */;
			projectDirPath = "";
			projectRoot = "";
			targets = (
				F163951E2940FB3700DED7D7 /* ChatSwift */,
			);
		};
/* End PBXProject section */

/* Begin PBXResourcesBuildPhase section */
		F163951D2940FB3700DED7D7 /* Resources */ = {
			isa = PBXResourcesBuildPhase;
			buildActionMask = 2147483647;
			files = (
				F1C92C76295D9CD4007D739A /* LoginViewController.xib in Resources */,
				F163952F2940FB3800DED7D7 /* LaunchScreen.storyboard in Resources */,
				F163953E2940FDEF00DED7D7 /* GoogleService-Info.plist in Resources */,
				F163952C2940FB3800DED7D7 /* Assets.xcassets in Resources */,
				F1BB8868296419B900D49412 /* ConversationTableViewCell.xib in Resources */,
				F18FBCA42963D80600F171B6 /* SignUpViewController.xib in Resources */,
				F18FBCAA2963E89D00F171B6 /* ConversationViewController.xib in Resources */,
				F163952A2940FB3700DED7D7 /* Main.storyboard in Resources */,
			);
			runOnlyForDeploymentPostprocessing = 0;
		};
/* End PBXResourcesBuildPhase section */

/* Begin PBXShellScriptBuildPhase section */
		0E9A6DAFD33D49C63986D12B /* [CP] Check Pods Manifest.lock */ = {
			isa = PBXShellScriptBuildPhase;
			buildActionMask = 2147483647;
			files = (
			);
			inputFileListPaths = (
			);
			inputPaths = (
				"${PODS_PODFILE_DIR_PATH}/Podfile.lock",
				"${PODS_ROOT}/Manifest.lock",
			);
			name = "[CP] Check Pods Manifest.lock";
			outputFileListPaths = (
			);
			outputPaths = (
				"$(DERIVED_FILE_DIR)/Pods-ChatSwift-checkManifestLockResult.txt",
			);
			runOnlyForDeploymentPostprocessing = 0;
			shellPath = /bin/sh;
			shellScript = "diff \"${PODS_PODFILE_DIR_PATH}/Podfile.lock\" \"${PODS_ROOT}/Manifest.lock\" > /dev/null\nif [ $? != 0 ] ; then\n    # print error to STDERR\n    echo \"error: The sandbox is not in sync with the Podfile.lock. Run 'pod install' or update your CocoaPods installation.\" >&2\n    exit 1\nfi\n# This output is used by Xcode 'outputs' to avoid re-running this script phase.\necho \"SUCCESS\" > \"${SCRIPT_OUTPUT_FILE_0}\"\n";
			showEnvVarsInLog = 0;
		};
		2CD3960ECF2B82D24E158350 /* [CP] Embed Pods Frameworks */ = {
			isa = PBXShellScriptBuildPhase;
			buildActionMask = 2147483647;
			files = (
			);
			inputFileListPaths = (
				"${PODS_ROOT}/Target Support Files/Pods-ChatSwift/Pods-ChatSwift-frameworks-${CONFIGURATION}-input-files.xcfilelist",
			);
			name = "[CP] Embed Pods Frameworks";
			outputFileListPaths = (
				"${PODS_ROOT}/Target Support Files/Pods-ChatSwift/Pods-ChatSwift-frameworks-${CONFIGURATION}-output-files.xcfilelist",
			);
			runOnlyForDeploymentPostprocessing = 0;
			shellPath = /bin/sh;
			shellScript = "\"${PODS_ROOT}/Target Support Files/Pods-ChatSwift/Pods-ChatSwift-frameworks.sh\"\n";
			showEnvVarsInLog = 0;
		};
/* End PBXShellScriptBuildPhase section */

/* Begin PBXSourcesBuildPhase section */
		F163951B2940FB3700DED7D7 /* Sources */ = {
			isa = PBXSourcesBuildPhase;
			buildActionMask = 2147483647;
			files = (
				F18FBCA32963D80600F171B6 /* SignUpViewController.swift in Sources */,
				F16395472940FE9000DED7D7 /* NewConversationViewController.swift in Sources */,
				F16395432940FE6A00DED7D7 /* ConversationsViewController.swift in Sources */,
				F1F44B1E295AFFE5007136A6 /* AuthenUtils.swift in Sources */,
				F129E207295058ED007621A1 /* TestViewController.swift in Sources */,
				F173D5C42941EE5C00DDF7DE /* UserModel.swift in Sources */,
				F1C6D3E429531C0D00387F04 /* MediaManager.swift in Sources */,
				F16395232940FB3700DED7D7 /* AppDelegate.swift in Sources */,
				F1B2BBFD294313A200D65D69 /* MessageModel.swift in Sources */,
				F18FBCAC2963EF6F00F171B6 /* ConversationViewController+TableView.swift in Sources */,
				F16395412940FE5000DED7D7 /* ChatViewController.swift in Sources */,
				F18FBCA92963E89D00F171B6 /* ConversationViewController.swift in Sources */,
				F16395252940FB3700DED7D7 /* SceneDelegate.swift in Sources */,
				F1F44B13295A9771007136A6 /* GoogleService.swift in Sources */,
				F1B2BBFB294312F200D65D69 /* ConversationModel.swift in Sources */,
				F1589394295EB351000F9156 /* UIServices.swift in Sources */,
				F1C92C75295D9CD4007D739A /* LoginViewController.swift in Sources */,
				F155219F294876620083F652 /* ConversationTableViewCell.swift in Sources */,
				F1F5CAC12952C41E009B7749 /* MediaMessageCell.swift in Sources */,
				F1B2BBF52942CBE500D65D69 /* BaseModel.swift in Sources */,
				F1C92C72295D9B10007D739A /* Observable.swift in Sources */,
				F16395452940FE7D00DED7D7 /* LoginTableViewController.swift in Sources */,
				F1C92C6D295D9A59007D739A /* BaseViewModel.swift in Sources */,
				F115EA67294ADB660056A31F /* Extensions.swift in Sources */,
				F1F44B1A295AFA2C007136A6 /* Constant.swift in Sources */,
				F1BB88652964196600D49412 /* ConversationViewModel.swift in Sources */,
				F1BB257629495F9C00127807 /* PhotoViewController.swift in Sources */,
				F1C92C6F295D9A6B007D739A /* LoginViewModel.swift in Sources */,
				F1B2BBF92942DA3D00D65D69 /* DatabaseManager.swift in Sources */,
				F1BB886A296422A400D49412 /* ConversationTableCellViewModel.swift in Sources */,
				F129E20929505BFE007621A1 /* ChatMessageCell.swift in Sources */,
				F1BB257829495FEE00127807 /* LocationPickerViewController.swift in Sources */,
				F15521A8294884F30083F652 /* StorageManager.swift in Sources */,
				F1F44B1C295AFCF2007136A6 /* ZaloService.swift in Sources */,
				F1F44B16295AA5C5007136A6 /* FacebookService.swift in Sources */,
				F18FBCA62963E32A00F171B6 /* SignUpViewModel.swift in Sources */,
				F1F44B18295AF95C007136A6 /* Utils.swift in Sources */,
			);
			runOnlyForDeploymentPostprocessing = 0;
		};
/* End PBXSourcesBuildPhase section */

/* Begin PBXVariantGroup section */
		F16395282940FB3700DED7D7 /* Main.storyboard */ = {
			isa = PBXVariantGroup;
			children = (
				F16395292940FB3700DED7D7 /* Base */,
			);
			name = Main.storyboard;
			sourceTree = "<group>";
		};
		F163952D2940FB3800DED7D7 /* LaunchScreen.storyboard */ = {
			isa = PBXVariantGroup;
			children = (
				F163952E2940FB3800DED7D7 /* Base */,
			);
			name = LaunchScreen.storyboard;
			sourceTree = "<group>";
		};
/* End PBXVariantGroup section */

/* Begin XCBuildConfiguration section */
		F16395312940FB3800DED7D7 /* Debug */ = {
			isa = XCBuildConfiguration;
			buildSettings = {
				ALWAYS_SEARCH_USER_PATHS = NO;
				CLANG_ANALYZER_NONNULL = YES;
				CLANG_ANALYZER_NUMBER_OBJECT_CONVERSION = YES_AGGRESSIVE;
				CLANG_CXX_LANGUAGE_STANDARD = "gnu++17";
				CLANG_ENABLE_MODULES = YES;
				CLANG_ENABLE_OBJC_ARC = YES;
				CLANG_ENABLE_OBJC_WEAK = YES;
				CLANG_WARN_BLOCK_CAPTURE_AUTORELEASING = YES;
				CLANG_WARN_BOOL_CONVERSION = YES;
				CLANG_WARN_COMMA = YES;
				CLANG_WARN_CONSTANT_CONVERSION = YES;
				CLANG_WARN_DEPRECATED_OBJC_IMPLEMENTATIONS = YES;
				CLANG_WARN_DIRECT_OBJC_ISA_USAGE = YES_ERROR;
				CLANG_WARN_DOCUMENTATION_COMMENTS = YES;
				CLANG_WARN_EMPTY_BODY = YES;
				CLANG_WARN_ENUM_CONVERSION = YES;
				CLANG_WARN_INFINITE_RECURSION = YES;
				CLANG_WARN_INT_CONVERSION = YES;
				CLANG_WARN_NON_LITERAL_NULL_CONVERSION = YES;
				CLANG_WARN_OBJC_IMPLICIT_RETAIN_SELF = YES;
				CLANG_WARN_OBJC_LITERAL_CONVERSION = YES;
				CLANG_WARN_OBJC_ROOT_CLASS = YES_ERROR;
				CLANG_WARN_QUOTED_INCLUDE_IN_FRAMEWORK_HEADER = YES;
				CLANG_WARN_RANGE_LOOP_ANALYSIS = YES;
				CLANG_WARN_STRICT_PROTOTYPES = YES;
				CLANG_WARN_SUSPICIOUS_MOVE = YES;
				CLANG_WARN_UNGUARDED_AVAILABILITY = YES_AGGRESSIVE;
				CLANG_WARN_UNREACHABLE_CODE = YES;
				CLANG_WARN__DUPLICATE_METHOD_MATCH = YES;
				COPY_PHASE_STRIP = NO;
				DEBUG_INFORMATION_FORMAT = dwarf;
				ENABLE_STRICT_OBJC_MSGSEND = YES;
				ENABLE_TESTABILITY = YES;
				GCC_C_LANGUAGE_STANDARD = gnu11;
				GCC_DYNAMIC_NO_PIC = NO;
				GCC_NO_COMMON_BLOCKS = YES;
				GCC_OPTIMIZATION_LEVEL = 0;
				GCC_PREPROCESSOR_DEFINITIONS = (
					"DEBUG=1",
					"$(inherited)",
				);
				GCC_WARN_64_TO_32_BIT_CONVERSION = YES;
				GCC_WARN_ABOUT_RETURN_TYPE = YES_ERROR;
				GCC_WARN_UNDECLARED_SELECTOR = YES;
				GCC_WARN_UNINITIALIZED_AUTOS = YES_AGGRESSIVE;
				GCC_WARN_UNUSED_FUNCTION = YES;
				GCC_WARN_UNUSED_VARIABLE = YES;
				IPHONEOS_DEPLOYMENT_TARGET = 15.5;
				MTL_ENABLE_DEBUG_INFO = INCLUDE_SOURCE;
				MTL_FAST_MATH = YES;
				ONLY_ACTIVE_ARCH = YES;
				SDKROOT = iphoneos;
				SWIFT_ACTIVE_COMPILATION_CONDITIONS = DEBUG;
				SWIFT_OPTIMIZATION_LEVEL = "-Onone";
			};
			name = Debug;
		};
		F16395322940FB3800DED7D7 /* Release */ = {
			isa = XCBuildConfiguration;
			buildSettings = {
				ALWAYS_SEARCH_USER_PATHS = NO;
				CLANG_ANALYZER_NONNULL = YES;
				CLANG_ANALYZER_NUMBER_OBJECT_CONVERSION = YES_AGGRESSIVE;
				CLANG_CXX_LANGUAGE_STANDARD = "gnu++17";
				CLANG_ENABLE_MODULES = YES;
				CLANG_ENABLE_OBJC_ARC = YES;
				CLANG_ENABLE_OBJC_WEAK = YES;
				CLANG_WARN_BLOCK_CAPTURE_AUTORELEASING = YES;
				CLANG_WARN_BOOL_CONVERSION = YES;
				CLANG_WARN_COMMA = YES;
				CLANG_WARN_CONSTANT_CONVERSION = YES;
				CLANG_WARN_DEPRECATED_OBJC_IMPLEMENTATIONS = YES;
				CLANG_WARN_DIRECT_OBJC_ISA_USAGE = YES_ERROR;
				CLANG_WARN_DOCUMENTATION_COMMENTS = YES;
				CLANG_WARN_EMPTY_BODY = YES;
				CLANG_WARN_ENUM_CONVERSION = YES;
				CLANG_WARN_INFINITE_RECURSION = YES;
				CLANG_WARN_INT_CONVERSION = YES;
				CLANG_WARN_NON_LITERAL_NULL_CONVERSION = YES;
				CLANG_WARN_OBJC_IMPLICIT_RETAIN_SELF = YES;
				CLANG_WARN_OBJC_LITERAL_CONVERSION = YES;
				CLANG_WARN_OBJC_ROOT_CLASS = YES_ERROR;
				CLANG_WARN_QUOTED_INCLUDE_IN_FRAMEWORK_HEADER = YES;
				CLANG_WARN_RANGE_LOOP_ANALYSIS = YES;
				CLANG_WARN_STRICT_PROTOTYPES = YES;
				CLANG_WARN_SUSPICIOUS_MOVE = YES;
				CLANG_WARN_UNGUARDED_AVAILABILITY = YES_AGGRESSIVE;
				CLANG_WARN_UNREACHABLE_CODE = YES;
				CLANG_WARN__DUPLICATE_METHOD_MATCH = YES;
				COPY_PHASE_STRIP = NO;
				DEBUG_INFORMATION_FORMAT = "dwarf-with-dsym";
				ENABLE_NS_ASSERTIONS = NO;
				ENABLE_STRICT_OBJC_MSGSEND = YES;
				GCC_C_LANGUAGE_STANDARD = gnu11;
				GCC_NO_COMMON_BLOCKS = YES;
				GCC_WARN_64_TO_32_BIT_CONVERSION = YES;
				GCC_WARN_ABOUT_RETURN_TYPE = YES_ERROR;
				GCC_WARN_UNDECLARED_SELECTOR = YES;
				GCC_WARN_UNINITIALIZED_AUTOS = YES_AGGRESSIVE;
				GCC_WARN_UNUSED_FUNCTION = YES;
				GCC_WARN_UNUSED_VARIABLE = YES;
				IPHONEOS_DEPLOYMENT_TARGET = 15.5;
				MTL_ENABLE_DEBUG_INFO = NO;
				MTL_FAST_MATH = YES;
				SDKROOT = iphoneos;
				SWIFT_COMPILATION_MODE = wholemodule;
				SWIFT_OPTIMIZATION_LEVEL = "-O";
				VALIDATE_PRODUCT = YES;
			};
			name = Release;
		};
		F16395342940FB3800DED7D7 /* Debug */ = {
			isa = XCBuildConfiguration;
			baseConfigurationReference = 93847A0A10559867002730FE /* Pods-ChatSwift.debug.xcconfig */;
			buildSettings = {
				ASSETCATALOG_COMPILER_APPICON_NAME = AppIcon;
				ASSETCATALOG_COMPILER_GLOBAL_ACCENT_COLOR_NAME = AccentColor;
				CODE_SIGN_ENTITLEMENTS = ChatSwift/ChatSwift.entitlements;
				CODE_SIGN_STYLE = Automatic;
				CURRENT_PROJECT_VERSION = 1;
				DEVELOPMENT_TEAM = PKMHCGLVJP;
				GENERATE_INFOPLIST_FILE = YES;
				INFOPLIST_FILE = ChatSwift/Info.plist;
				INFOPLIST_KEY_NSCameraUsageDescription = "Please allow access to take a profile picture";
				INFOPLIST_KEY_NSLocationAlwaysAndWhenInUseUsageDescription = "Please allow access to share your location";
				INFOPLIST_KEY_NSMicrophoneUsageDescription = "Please allow access to send audio and video messages.";
				INFOPLIST_KEY_NSPhotoLibraryAddUsageDescription = "Please allow access to select a photo for your profile.";
				INFOPLIST_KEY_UIApplicationSupportsIndirectInputEvents = YES;
				INFOPLIST_KEY_UILaunchStoryboardName = LaunchScreen;
				INFOPLIST_KEY_UISupportedInterfaceOrientations_iPad = "UIInterfaceOrientationPortrait UIInterfaceOrientationPortraitUpsideDown UIInterfaceOrientationLandscapeLeft UIInterfaceOrientationLandscapeRight";
				INFOPLIST_KEY_UISupportedInterfaceOrientations_iPhone = "UIInterfaceOrientationPortrait UIInterfaceOrientationLandscapeLeft UIInterfaceOrientationLandscapeRight";
				LD_RUNPATH_SEARCH_PATHS = (
					"$(inherited)",
					"@executable_path/Frameworks",
				);
				MARKETING_VERSION = 1.0;
				PRODUCT_BUNDLE_IDENTIFIER = io.hiepchau.ChatSwift;
				PRODUCT_NAME = "$(TARGET_NAME)";
				SWIFT_EMIT_LOC_STRINGS = YES;
				SWIFT_VERSION = 5.0;
				TARGETED_DEVICE_FAMILY = "1,2";
			};
			name = Debug;
		};
		F16395352940FB3800DED7D7 /* Release */ = {
			isa = XCBuildConfiguration;
			baseConfigurationReference = CF0F50421057FECB0152A4C9 /* Pods-ChatSwift.release.xcconfig */;
			buildSettings = {
				ASSETCATALOG_COMPILER_APPICON_NAME = AppIcon;
				ASSETCATALOG_COMPILER_GLOBAL_ACCENT_COLOR_NAME = AccentColor;
				CODE_SIGN_ENTITLEMENTS = ChatSwift/ChatSwift.entitlements;
				CODE_SIGN_STYLE = Automatic;
				CURRENT_PROJECT_VERSION = 1;
				DEVELOPMENT_TEAM = PKMHCGLVJP;
				GENERATE_INFOPLIST_FILE = YES;
				INFOPLIST_FILE = ChatSwift/Info.plist;
				INFOPLIST_KEY_NSCameraUsageDescription = "Please allow access to take a profile picture";
				INFOPLIST_KEY_NSLocationAlwaysAndWhenInUseUsageDescription = "Please allow access to share your location";
				INFOPLIST_KEY_NSMicrophoneUsageDescription = "Please allow access to send audio and video messages.";
				INFOPLIST_KEY_NSPhotoLibraryAddUsageDescription = "Please allow access to select a photo for your profile.";
				INFOPLIST_KEY_UIApplicationSupportsIndirectInputEvents = YES;
				INFOPLIST_KEY_UILaunchStoryboardName = LaunchScreen;
				INFOPLIST_KEY_UISupportedInterfaceOrientations_iPad = "UIInterfaceOrientationPortrait UIInterfaceOrientationPortraitUpsideDown UIInterfaceOrientationLandscapeLeft UIInterfaceOrientationLandscapeRight";
				INFOPLIST_KEY_UISupportedInterfaceOrientations_iPhone = "UIInterfaceOrientationPortrait UIInterfaceOrientationLandscapeLeft UIInterfaceOrientationLandscapeRight";
				LD_RUNPATH_SEARCH_PATHS = (
					"$(inherited)",
					"@executable_path/Frameworks",
				);
				MARKETING_VERSION = 1.0;
				PRODUCT_BUNDLE_IDENTIFIER = io.hiepchau.ChatSwift;
				PRODUCT_NAME = "$(TARGET_NAME)";
				SWIFT_EMIT_LOC_STRINGS = YES;
				SWIFT_VERSION = 5.0;
				TARGETED_DEVICE_FAMILY = "1,2";
			};
			name = Release;
		};
/* End XCBuildConfiguration section */

/* Begin XCConfigurationList section */
		F163951A2940FB3700DED7D7 /* Build configuration list for PBXProject "ChatSwift" */ = {
			isa = XCConfigurationList;
			buildConfigurations = (
				F16395312940FB3800DED7D7 /* Debug */,
				F16395322940FB3800DED7D7 /* Release */,
			);
			defaultConfigurationIsVisible = 0;
			defaultConfigurationName = Release;
		};
		F16395332940FB3800DED7D7 /* Build configuration list for PBXNativeTarget "ChatSwift" */ = {
			isa = XCConfigurationList;
			buildConfigurations = (
				F16395342940FB3800DED7D7 /* Debug */,
				F16395352940FB3800DED7D7 /* Release */,
			);
			defaultConfigurationIsVisible = 0;
			defaultConfigurationName = Release;
		};
/* End XCConfigurationList section */
	};
	rootObject = F16395172940FB3700DED7D7 /* Project object */;
}
